
Microsoft Visual Studio Solution File, Format Version 12.00
# Visual Studio 2012
Project("{8BC9CEB8-8B4A-11D0-8D11-00A0C91BC942}") = "Assignment 4 - Inventory Program", "Assignment 4 - Inventory Program\Assignment 4 - Inventory Program.vcxproj", "{214D0374-F346-41DC-96C1-BBDFCF79FAFB}"
EndProject
Global
	GlobalSection(SolutionConfigurationPlatforms) = preSolution
		Debug|Win32 = Debug|Win32
		Release|Win32 = Release|Win32
	EndGlobalSection
	GlobalSection(ProjectConfigurationPlatforms) = postSolution
		{214D0374-F346-41DC-96C1-BBDFCF79FAFB}.Debug|Win32.ActiveCfg = Debug|Win32
		{214D0374-F346-41DC-96C1-BBDFCF79FAFB}.Debug|Win32.Build.0 = Debug|Win32
		{214D0374-F346-41DC-96C1-BBDFCF79FAFB}.Release|Win32.ActiveCfg = Release|Win32
		{214D0374-F346-41DC-96C1-BBDFCF79FAFB}.Release|Win32.Build.0 = Release|Win32
	EndGlobalSection
	GlobalSection(SolutionProperties) = preSolution
		HideSolutionNode = FALSE
	EndGlobalSection
EndGlobal
